{
  "requires": true,
  "lockfileVersion": 1,
  "dependencies": {
    "clam-engine": {
      "version": "2.0.1",
      "resolved": "https://registry.npmjs.org/clam-engine/-/clam-engine-2.0.1.tgz",
      "integrity": "sha1-rZTfqOHZZtE+IA39XXlPFUJbzMU=",
      "requires": {
        "nan": "^2.1.0"
      }
    },
    "defaultable": {
      "version": "0.7.2",
      "resolved": "https://registry.npmjs.org/defaultable/-/defaultable-0.7.2.tgz",
      "integrity": "sha1-fBVkyhT57KTEEnpTl5B3fUQIW9c="
    },
    "dnsd": {
      "version": "0.9.6",
      "resolved": "https://registry.npmjs.org/dnsd/-/dnsd-0.9.6.tgz",
      "integrity": "sha1-7uWCAWArcDnatE753n93Hwz8+HQ=",
      "requires": {
        "defaultable": "~0.7.2",
        "optimist": "~0.3.4"
      }
    },
    "nan": {
      "version": "2.11.0",
      "resolved": "https://registry.npmjs.org/nan/-/nan-2.11.0.tgz",
      "integrity": "sha512-F4miItu2rGnV2ySkXOQoA8FKz/SR2Q2sWP0sbTxNxz/tuokeC8WxOhPMcwi0qIyGtVn/rrSeLbvVkznqCdwYnw=="
    },
    "optimist": {
      "version": "0.3.7",
      "resolved": "https://registry.npmjs.org/optimist/-/optimist-0.3.7.tgz",
      "integrity": "sha1-yQlBrVnkJzMokjB00s8ufLxuwNk=",
      "requires": {
        "wordwrap": "~0.0.2"
      }
    },
    "wordwrap": {
      "version": "0.0.3",
      "resolved": "https://registry.npmjs.org/wordwrap/-/wordwrap-0.0.3.tgz",
      "integrity": "sha1-o9XabNXAvAAI03I0u68b7WMFkQc="
    }
  }
}
